8 
Microsoft Visual Studio Solution File, Format Version 12.00
# Visual Studio Version 17
VisualStudioVersion = 17.10.34607.79
MinimumVisualStudioVersion = 10.0.40219.1
Project("{9A19103F-16F7-4668-BE54-9A1E7A4F7556}") = "MYChamp", "MYChamp.csproj", "{CAABE3CE-BFF5-462A-9546-F836CE5D098A}"
EndProject
Project("{2150E333-8FDC-42A3-9474-1A3956D46DE8}") = "NewFolder1", "NewFolder1", "{76BF96BF-83B0-49C2-8E2A-36EED1FAFF45}"
EndProject
Global
	GlobalSection(SolutionConfigurationPlatforms) = preSolution
		Debug|Any CPU = Debug|Any CPU
		Release|Any CPU = Release|Any CPU
	EndGlobalSection
	GlobalSection(ProjectConfigurationPlatforms) = postSolution
		{CAABE3CE-BFF5-462A-9546-F836CE5D098A}.Debug|Any CPU.ActiveCfg = Debug|Any CPU
		{CAABE3CE-BFF5-462A-9546-F836CE5D098A}.Debug|Any CPU.Build.0 = Debug|Any CPU
		{CAABE3CE-BFF5-462A-9546-F836CE5D098A}.Release|Any CPU.ActiveCfg = Release|Any CPU
		{CAABE3CE-BFF5-462A-9546-F836CE5D098A}.Release|Any CPU.Build.0 = Release|Any CPU
	EndGlobalSection
	GlobalSection(SolutionProperties) = preSolution
		HideSolutionNode = FALSE
	EndGlobalSection
	GlobalSection(ExtensibilityGlobals) = postSolution
		SolutionGuid = {2EB072ED-EB60-4A2F-8102-D0AFE6368B1B}
	EndGlobalSection
EndGlobal
